{
  "version": 1,
  "dependencies": {
    "net9.0": {
      "Microsoft.AspNetCore.OpenApi": {
        "type": "Direct",
        "requested": "[9.0.8, )",
        "resolved": "9.0.8",
        "contentHash": "BwF9sQCKmvu93C/pmKxJjPhF5fFB23MEcgTsGL+7W3wKLYawS4lyFSL5/qh00IJzuADLf+1SmvxMaphbyZYqQQ==",
        "dependencies": {
          "Microsoft.OpenApi": "1.6.17"
        }
      },
      "Microsoft.Extensions.ApiDescription.Server": {
        "type": "Direct",
        "requested": "[9.0.8, )",
        "resolved": "9.0.8",
        "contentHash": "wAvim8U3Z7Y0c4qyK5KJQuN8TlaHxDkZ/0e3UqHsl+YHGglsWZ5BOxKcCLusrJWKEU2048yYdrVnW0AtSbqIBg=="
      },
      "Microsoft.OpenApi": {
        "type": "Transitive",
        "resolved": "1.6.17",
        "contentHash": "Le+kehlmrlQfuDFUt1zZ2dVwrhFQtKREdKBo+rexOwaCoYP0/qpgT9tLxCsZjsgR5Itk1UKPcbgO+FyaNid/bA=="
      }
    }
  }
}